
Microsoft Visual Studio Solution File, Format Version 12.00
# Visual Studio Version 16
VisualStudioVersion = 16.0.30711.63
MinimumVisualStudioVersion = 10.0.40219.1
Project("{FAE04EC0-301F-11D3-BF4B-00C04F79EFBC}") = "WCFLoopbackAdapter.Runtime", "WCFLoopbackAdapter\WCFLoopbackAdapter.Runtime.csproj", "{89071F33-FDD3-4C3F-88A6-04C24F8CDA40}"
EndProject
Global
	GlobalSection(SolutionConfigurationPlatforms) = preSolution
		Debug|Any CPU = Debug|Any CPU
		Release|Any CPU = Release|Any CPU
	EndGlobalSection
	GlobalSection(ProjectConfigurationPlatforms) = postSolution
		{89071F33-FDD3-4C3F-88A6-04C24F8CDA40}.Debug|Any CPU.ActiveCfg = Debug|Any CPU
		{89071F33-FDD3-4C3F-88A6-04C24F8CDA40}.Debug|Any CPU.Build.0 = Debug|Any CPU
		{89071F33-FDD3-4C3F-88A6-04C24F8CDA40}.Release|Any CPU.ActiveCfg = Release|Any CPU
		{89071F33-FDD3-4C3F-88A6-04C24F8CDA40}.Release|Any CPU.Build.0 = Release|Any CPU
	EndGlobalSection
	GlobalSection(SolutionProperties) = preSolution
		HideSolutionNode = FALSE
	EndGlobalSection
	GlobalSection(ExtensibilityGlobals) = postSolution
		SolutionGuid = {9FD3D1AB-BC74-4572-AE6B-F770F51271DD}
	EndGlobalSection
EndGlobal
